<?xml version="1.0" encoding="utf-8"?>
<Project ToolsVersion="4.0" xmlns="http://schemas.microsoft.com/developer/msbuild/2003">
  <ItemGroup>
    <Filter Include="Assets">
      <UniqueIdentifier>1e92bf82-9181-4ad6-a481-5a9a58b738ba</UniqueIdentifier>
      <Extensions>ico;cur;bmp;dds;dlg;fbx;rct;bin;rgs;gif;jpg;jpeg;jpe;resx;tga;tiff;tif;png;wav;mfcribbon-ms</Extensions>
    </Filter>
    <Filter Include="Game">
      <UniqueIdentifier>{31f0b780-52a6-44af-823f-bb79545f57b8}</UniqueIdentifier>
    </Filter>
    <Filter Include="NYLibrary">
      <UniqueIdentifier>{d698d537-ba1b-408d-8e7f-478fc78681fe}</UniqueIdentifier>
    </Filter>
    <Filter Include="NYLibrary\OBJ">
      <UniqueIdentifier>{80c102fa-36bb-43c3-acbd-137c7fb08aca}</UniqueIdentifier>
    </Filter>
    <Filter Include="NYLibrary\SceneGraph">
      <UniqueIdentifier>{e4d127ca-34e5-4e71-97d5-c3fb21fa94a6}</UniqueIdentifier>
    </Filter>
    <Filter Include="NYLibrary\SceneGraph\Node">
      <UniqueIdentifier>{622dc828-869a-44ca-9c0e-8257930090e8}</UniqueIdentifier>
    </Filter>
    <Filter Include="NYLibrary\SceneGraph\Visitor">
      <UniqueIdentifier>{771f378b-a19a-4444-9021-54ee44422442}</UniqueIdentifier>
    </Filter>
    <Filter Include="NYLibrary\Camera">
      <UniqueIdentifier>{c7180978-e9e6-4655-9953-ba4723eac26c}</UniqueIdentifier>
    </Filter>
    <Filter Include="NYLibrary\Input">
      <UniqueIdentifier>{e62c3388-0c6e-473f-b881-bfdfe52f3c64}</UniqueIdentifier>
    </Filter>
    <Filter Include="NYLibrary\Device">
      <UniqueIdentifier>{bfe89338-d642-460d-b173-f661ea4eebda}</UniqueIdentifier>
    </Filter>
    <Filter Include="NYLibrary\Sprite">
      <UniqueIdentifier>{caf5f5ea-ab6d-4c7c-9508-27d65aefae4c}</UniqueIdentifier>
    </Filter>
    <Filter Include="NYLibrary\Astar">
      <UniqueIdentifier>{53a1497a-aea5-4aae-a590-7b32f1068628}</UniqueIdentifier>
    </Filter>
    <Filter Include="NYLibrary\Light">
      <UniqueIdentifier>{82ab37f1-2e6b-4c7a-b037-6d6f76bbbd67}</UniqueIdentifier>
    </Filter>
    <Filter Include="NYLibrary\ShaderManager">
      <UniqueIdentifier>{31e9ac9e-af67-4dc3-9146-6c3731fa0c5a}</UniqueIdentifier>
    </Filter>
    <Filter Include="Scene">
      <UniqueIdentifier>{2d0b0374-1454-47bb-96e9-6964a4310ff7}</UniqueIdentifier>
    </Filter>
    <Filter Include="Scene\GameScene">
      <UniqueIdentifier>{e81ffcdd-6b85-4d49-bc7a-ad514080debf}</UniqueIdentifier>
    </Filter>
    <Filter Include="Scene\TitleScene">
      <UniqueIdentifier>{d3eba96c-3d4c-434a-8baa-17667b0f6abe}</UniqueIdentifier>
    </Filter>
    <Filter Include="Scene\ResoultScene">
      <UniqueIdentifier>{b0bad162-746c-4536-bd7f-438fccc477f8}</UniqueIdentifier>
    </Filter>
    <Filter Include="Scene\GameScene\Charactor">
      <UniqueIdentifier>{9e7a5cad-372d-451b-b938-7266248a343a}</UniqueIdentifier>
    </Filter>
    <Filter Include="Scene\GameScene\Charactor\Player">
      <UniqueIdentifier>{c0a4624f-8a3d-4537-ab26-9a59d9a100c3}</UniqueIdentifier>
    </Filter>
    <Filter Include="Scene\GameScene\Charactor\Player\State">
      <UniqueIdentifier>{4079ed47-c91d-4421-8001-9040f8c1a424}</UniqueIdentifier>
    </Filter>
    <Filter Include="Scene\GameScene\Charactor\Enemy">
      <UniqueIdentifier>{c75dff77-be45-44ff-ba8d-eb6bcd8af898}</UniqueIdentifier>
    </Filter>
    <Filter Include="Scene\GameScene\Stage">
      <UniqueIdentifier>{6ef1175c-d395-4772-95cf-1869d8d9792c}</UniqueIdentifier>
    </Filter>
    <Filter Include="NYLibrary\SimpleTexture">
      <UniqueIdentifier>{d8ff60c8-0ac4-45bb-beff-c8c4c72c0610}</UniqueIdentifier>
    </Filter>
    <Filter Include="PaintAsset">
      <UniqueIdentifier>{dbb51dd8-26bb-48e0-ad80-8e8f69d8cddf}</UniqueIdentifier>
    </Filter>
    <Filter Include="PaintAsset\InkParticle">
      <UniqueIdentifier>{29af85b1-b77d-4347-baf4-b25ebc9be8c8}</UniqueIdentifier>
    </Filter>
    <Filter Include="PaintAsset\PaintGun">
      <UniqueIdentifier>{095b0286-dac4-422c-ba1a-44c69a95375e}</UniqueIdentifier>
    </Filter>
    <Filter Include="PaintAsset\PaintSystem">
      <UniqueIdentifier>{bb3a50df-135d-460e-b6f3-019b55541589}</UniqueIdentifier>
    </Filter>
    <Filter Include="PaintAsset\PaintCollisiton">
      <UniqueIdentifier>{14e703cd-cc0b-4c16-9aac-afb61aa13a3d}</UniqueIdentifier>
    </Filter>
    <Filter Include="NYLibrary\Component">
      <UniqueIdentifier>{cb46fb5f-8edd-458d-8bc4-633fd5366090}</UniqueIdentifier>
    </Filter>
    <Filter Include="NYLibrary\Component\Collider">
      <UniqueIdentifier>{16d5e639-00c1-42a3-8dcf-178e28210e6b}</UniqueIdentifier>
    </Filter>
    <Filter Include="NYLibrary\Collision">
      <UniqueIdentifier>{03ed9fe5-897b-4b06-9e64-62a84601eafb}</UniqueIdentifier>
    </Filter>
    <Filter Include="NYLibrary\Object">
      <UniqueIdentifier>{8053fb38-de89-46ea-adfc-78b161c62d7d}</UniqueIdentifier>
    </Filter>
    <Filter Include="NYLibrary\Object\MatrixObject">
      <UniqueIdentifier>{b5105bc5-d218-41dd-9915-e1ea3bfd6594}</UniqueIdentifier>
    </Filter>
    <Filter Include="NYLibrary\Object\LocalObject">
      <UniqueIdentifier>{42f79860-f8d9-433f-bebd-847b24f8325b}</UniqueIdentifier>
    </Filter>
    <Filter Include="NYLibrary\Object\ColorObject">
      <UniqueIdentifier>{2e08f7bb-720d-4389-a376-4c48edcbc8cb}</UniqueIdentifier>
    </Filter>
    <Filter Include="NYLibrary\Component\Collider\TrianglePolygonListCollider">
      <UniqueIdentifier>{398fc651-71b6-4471-9f25-b0810dd57123}</UniqueIdentifier>
    </Filter>
    <Filter Include="NYLibrary\Component\Collider\SegmentCollider">
      <UniqueIdentifier>{f3ad6558-7cad-4486-88e4-1a9527c04660}</UniqueIdentifier>
    </Filter>
    <Filter Include="PaintAsset\InkSegmentCollider">
      <UniqueIdentifier>{ae7439bb-aa29-473c-9181-657b6b894f3d}</UniqueIdentifier>
    </Filter>
    <Filter Include="NYLibrary\Math">
      <UniqueIdentifier>{bfa55c21-9938-4880-a198-c6de223564bf}</UniqueIdentifier>
    </Filter>
    <Filter Include="NYLibrary\Sprite\SkinMeshAnimation">
      <UniqueIdentifier>{2a0f0005-2c30-468c-985f-aff3f7856254}</UniqueIdentifier>
    </Filter>
  </ItemGroup>
  <ItemGroup>
    <ClInclude Include="Source\NYLibrary\Device\Device.h">
      <Filter>NYLibrary\Device</Filter>
    </ClInclude>
    <ClInclude Include="Source\NYLibrary\Input\KeyboardUtil.h">
      <Filter>NYLibrary\Input</Filter>
    </ClInclude>
    <ClInclude Include="Source\NYLibrary\Input\MouseRay.h">
      <Filter>NYLibrary\Input</Filter>
    </ClInclude>
    <ClInclude Include="Source\NYLibrary\Input\MouseUtil.h">
      <Filter>NYLibrary\Input</Filter>
    </ClInclude>
    <ClInclude Include="Source\NYLibrary\SceneGraph\Node\GameObjectNode.h">
      <Filter>NYLibrary\SceneGraph\Node</Filter>
    </ClInclude>
    <ClInclude Include="Source\NYLibrary\SceneGraph\Node\Leaf.h">
      <Filter>NYLibrary\SceneGraph\Node</Filter>
    </ClInclude>
    <ClInclude Include="Source\NYLibrary\SceneGraph\Node\Node.h">
      <Filter>NYLibrary\SceneGraph\Node</Filter>
    </ClInclude>
    <ClInclude Include="Source\NYLibrary\SceneGraph\Node\NodeAbstract.h">
      <Filter>NYLibrary\SceneGraph\Node</Filter>
    </ClInclude>
    <ClInclude Include="Source\NYLibrary\SceneGraph\Visitor\SearchUpdateVisitor.h">
      <Filter>NYLibrary\SceneGraph\Visitor</Filter>
    </ClInclude>
    <ClInclude Include="Source\NYLibrary\SceneGraph\Visitor\VisitorInterface.h">
      <Filter>NYLibrary\SceneGraph\Visitor</Filter>
    </ClInclude>
    <ClInclude Include="Source\NYLibrary\Sprite\Sprite.h">
      <Filter>NYLibrary\Sprite</Filter>
    </ClInclude>
    <ClInclude Include="Source\Scene\GameScene\GameScene.h">
      <Filter>Scene\GameScene</Filter>
    </ClInclude>
    <ClInclude Include="Source\Scene\ResultScene\ResultScene.h">
      <Filter>Scene\ResoultScene</Filter>
    </ClInclude>
    <ClInclude Include="Source\Scene\TitleScene\TitleScene.h">
      <Filter>Scene\TitleScene</Filter>
    </ClInclude>
    <ClInclude Include="Source\NYLibrary\SimpleTexture\SimpleTextures.h">
      <Filter>NYLibrary\SimpleTexture</Filter>
    </ClInclude>
    <ClInclude Include="Source\NYLibrary\Obj\Obj.h">
      <Filter>NYLibrary\OBJ</Filter>
    </ClInclude>
    <ClInclude Include="Source\NYLibrary\Collision\Collision.h">
      <Filter>NYLibrary\Collision</Filter>
    </ClInclude>
    <ClInclude Include="Source\NYLibrary\Camera\Camera.h">
      <Filter>NYLibrary\Camera</Filter>
    </ClInclude>
    <ClInclude Include="Source\NYLibrary\Camera\DebugCamera.h">
      <Filter>NYLibrary\Camera</Filter>
    </ClInclude>
    <ClInclude Include="Source\NYLibrary\Camera\FollowCamera.h">
      <Filter>NYLibrary\Camera</Filter>
    </ClInclude>
    <ClInclude Include="Source\NYLibrary\ShaderManager\ShaderManager.h">
      <Filter>NYLibrary\ShaderManager</Filter>
    </ClInclude>
    <ClInclude Include="Source\Scene\GameScene\Stage\Stage.h">
      <Filter>Scene\GameScene\Stage</Filter>
    </ClInclude>
    <ClInclude Include="Source\NYLibrary\SkinMeshAnimation\SkinMesh.h">
      <Filter>NYLibrary\Sprite\SkinMeshAnimation</Filter>
    </ClInclude>
    <ClInclude Include="Source\Game\Game.h">
      <Filter>Game</Filter>
    </ClInclude>
    <ClInclude Include="Source\Game\StepTimer.h">
      <Filter>Game</Filter>
    </ClInclude>
    <ClInclude Include="Source\NYLibrary\Light\Light.h">
      <Filter>NYLibrary\Light</Filter>
    </ClInclude>
    <ClInclude Include="Source\Scene\GameScene\Charactor\Player\State\PlayerRun.h">
      <Filter>Scene\GameScene\Charactor\Player\State</Filter>
    </ClInclude>
    <ClInclude Include="Source\Scene\GameScene\Charactor\Player\State\PlayerState.h">
      <Filter>Scene\GameScene\Charactor\Player\State</Filter>
    </ClInclude>
    <ClInclude Include="Source\Scene\GameScene\Charactor\Player\State\PlayerStop.h">
      <Filter>Scene\GameScene\Charactor\Player\State</Filter>
    </ClInclude>
    <ClInclude Include="Source\Scene\GameScene\Charactor\Player\State\PlayerWalk.h">
      <Filter>Scene\GameScene\Charactor\Player\State</Filter>
    </ClInclude>
    <ClInclude Include="Source\Scene\GameScene\Charactor\Character.h">
      <Filter>Scene\GameScene\Charactor</Filter>
    </ClInclude>
    <ClInclude Include="Source\Scene\GameScene\Charactor\Player\MainPlayer.h">
      <Filter>Scene\GameScene\Charactor</Filter>
    </ClInclude>
    <ClInclude Include="Source\Scene\GameScene\Charactor\Enemy\Enemy.h">
      <Filter>Scene\GameScene\Charactor\Enemy</Filter>
    </ClInclude>
    <ClInclude Include="Source\NYLibrary\AStar\AStar.h">
      <Filter>NYLibrary\Astar</Filter>
    </ClInclude>
    <ClInclude Include="Source\NYLibrary\AStar\AttributeMap.h">
      <Filter>NYLibrary\Astar</Filter>
    </ClInclude>
    <ClInclude Include="Source\NYLibrary\AStar\Map.h">
      <Filter>NYLibrary\Astar</Filter>
    </ClInclude>
    <ClInclude Include="Source\NYLibrary\Math\Math.h">
      <Filter>NYLibrary\Math</Filter>
    </ClInclude>
    <ClInclude Include="Source\Scene\Scene.h">
      <Filter>Scene</Filter>
    </ClInclude>
    <ClInclude Include="Source\Scene\SceneManager.h">
      <Filter>Scene</Filter>
    </ClInclude>
    <ClInclude Include="Source\PaintAsset\PaintCollision\PaintCollision.h">
      <Filter>PaintAsset\PaintCollisiton</Filter>
    </ClInclude>
    <ClInclude Include="Source\PaintAsset\PaintSystem\Paint.h">
      <Filter>PaintAsset\PaintSystem</Filter>
    </ClInclude>
    <ClInclude Include="Source\PaintAsset\PaintSystem\PaintObj.h">
      <Filter>PaintAsset\PaintSystem</Filter>
    </ClInclude>
    <ClInclude Include="Source\PaintAsset\PaintGun\PaintGun.h">
      <Filter>PaintAsset\PaintGun</Filter>
    </ClInclude>
    <ClInclude Include="Source\PaintAsset\InkParticle\InkObj2.h">
      <Filter>PaintAsset\InkParticle</Filter>
    </ClInclude>
    <ClInclude Include="Source\PaintAsset\InkParticle\InkParticle.h">
      <Filter>PaintAsset\InkParticle</Filter>
    </ClInclude>
    <ClInclude Include="Source\PaintAsset\PaintGun\Aim.h">
      <Filter>PaintAsset\PaintGun</Filter>
    </ClInclude>
    <ClInclude Include="Source\NYLibrary\AStar\MapNode.h">
      <Filter>NYLibrary\Astar</Filter>
    </ClInclude>
    <ClInclude Include="Source\NYLibrary\Component\Component.h">
      <Filter>NYLibrary\Component</Filter>
    </ClInclude>
    <ClInclude Include="Source\NYLibrary\Component\Element.h">
      <Filter>NYLibrary\Component</Filter>
    </ClInclude>
    <ClInclude Include="Source\NYLibrary\Component\Collider\Collider.h">
      <Filter>NYLibrary\Component\Collider</Filter>
    </ClInclude>
    <ClInclude Include="Source\NYLibrary\Collision\CollisionManager.h">
      <Filter>NYLibrary\Collision</Filter>
    </ClInclude>
    <ClInclude Include="Source\NYLibrary\Object\MatrixObject\MatrixObject.h">
      <Filter>NYLibrary\Object\MatrixObject</Filter>
    </ClInclude>
    <ClInclude Include="Source\NYLibrary\Object\LocalObject\LocalObject.h">
      <Filter>NYLibrary\Object\LocalObject</Filter>
    </ClInclude>
    <ClInclude Include="Source\NYLibrary\Object\Object.h">
      <Filter>NYLibrary\Object</Filter>
    </ClInclude>
    <ClInclude Include="Source\NYLibrary\Object\ColorObject\ColorObject.h">
      <Filter>NYLibrary\Object\ColorObject</Filter>
    </ClInclude>
    <ClInclude Include="Source\NYLibrary\Component\Collider\TrianglePolygonListCollider\TrianglePolygonListCollider.h">
      <Filter>NYLibrary\Component\Collider\TrianglePolygonListCollider</Filter>
    </ClInclude>
    <ClInclude Include="Source\NYLibrary\Component\Collider\SegmentCollider\SegmentCollider.h">
      <Filter>NYLibrary\Component\Collider\SegmentCollider</Filter>
    </ClInclude>
    <ClInclude Include="Source\PaintAsset\InkSegmentCollider\InkSegmentCollider.h">
      <Filter>PaintAsset\InkSegmentCollider</Filter>
    </ClInclude>
  </ItemGroup>
  <ItemGroup>
    <ClCompile Include="Source\NYLibrary\Device\Device.cpp">
      <Filter>NYLibrary\Device</Filter>
    </ClCompile>
    <ClCompile Include="Source\NYLibrary\Input\KeyboardUtil.cpp">
      <Filter>NYLibrary\Input</Filter>
    </ClCompile>
    <ClCompile Include="Source\NYLibrary\Input\MouseRay.cpp">
      <Filter>NYLibrary\Input</Filter>
    </ClCompile>
    <ClCompile Include="Source\NYLibrary\Input\MouseUtil.cpp">
      <Filter>NYLibrary\Input</Filter>
    </ClCompile>
    <ClCompile Include="Source\NYLibrary\SceneGraph\Node\GameObjectNode.cpp">
      <Filter>NYLibrary\SceneGraph\Node</Filter>
    </ClCompile>
    <ClCompile Include="Source\NYLibrary\SceneGraph\Node\Node.cpp">
      <Filter>NYLibrary\SceneGraph\Node</Filter>
    </ClCompile>
    <ClCompile Include="Source\NYLibrary\SceneGraph\Node\NodeAbstract.cpp">
      <Filter>NYLibrary\SceneGraph\Node</Filter>
    </ClCompile>
    <ClCompile Include="Source\NYLibrary\SceneGraph\Visitor\SearchUpdateVisitor.cpp">
      <Filter>NYLibrary\SceneGraph\Visitor</Filter>
    </ClCompile>
    <ClCompile Include="Source\NYLibrary\Sprite\Sprite.cpp">
      <Filter>NYLibrary\Sprite</Filter>
    </ClCompile>
    <ClCompile Include="Source\Scene\GameScene\GameScene.cpp">
      <Filter>Scene\GameScene</Filter>
    </ClCompile>
    <ClCompile Include="Source\Scene\ResultScene\ResultScene.cpp">
      <Filter>Scene\ResoultScene</Filter>
    </ClCompile>
    <ClCompile Include="Source\Scene\TitleScene\TitleScene.cpp">
      <Filter>Scene\TitleScene</Filter>
    </ClCompile>
    <ClCompile Include="Source\NYLibrary\SimpleTexture\SimpleTextures.cpp">
      <Filter>NYLibrary\SimpleTexture</Filter>
    </ClCompile>
    <ClCompile Include="Source\NYLibrary\Obj\Obj.cpp">
      <Filter>NYLibrary\OBJ</Filter>
    </ClCompile>
    <ClCompile Include="Source\NYLibrary\Collision\Collision.cpp">
      <Filter>NYLibrary\Collision</Filter>
    </ClCompile>
    <ClCompile Include="Source\NYLibrary\Camera\Camera.cpp">
      <Filter>NYLibrary\Camera</Filter>
    </ClCompile>
    <ClCompile Include="Source\NYLibrary\Camera\DebugCamera.cpp">
      <Filter>NYLibrary\Camera</Filter>
    </ClCompile>
    <ClCompile Include="Source\NYLibrary\Camera\FollowCamera.cpp">
      <Filter>NYLibrary\Camera</Filter>
    </ClCompile>
    <ClCompile Include="Source\NYLibrary\ShaderManager\ShaderManager.cpp">
      <Filter>NYLibrary\ShaderManager</Filter>
    </ClCompile>
    <ClCompile Include="Source\Scene\GameScene\Stage\Stage.cpp">
      <Filter>Scene\GameScene\Stage</Filter>
    </ClCompile>
    <ClCompile Include="Source\NYLibrary\SkinMeshAnimation\SkinMesh.cpp">
      <Filter>NYLibrary\Sprite\SkinMeshAnimation</Filter>
    </ClCompile>
    <ClCompile Include="Source\Game\Game.cpp">
      <Filter>Game</Filter>
    </ClCompile>
    <ClCompile Include="Source\Game\Main.cpp">
      <Filter>Game</Filter>
    </ClCompile>
    <ClCompile Include="Source\NYLibrary\Light\Light.cpp">
      <Filter>NYLibrary\Light</Filter>
    </ClCompile>
    <ClCompile Include="Source\Scene\GameScene\Charactor\Player\State\PlayerRun.cpp">
      <Filter>Scene\GameScene\Charactor\Player\State</Filter>
    </ClCompile>
    <ClCompile Include="Source\Scene\GameScene\Charactor\Player\State\PlayerState.cpp">
      <Filter>Scene\GameScene\Charactor\Player\State</Filter>
    </ClCompile>
    <ClCompile Include="Source\Scene\GameScene\Charactor\Player\State\PlayerStop.cpp">
      <Filter>Scene\GameScene\Charactor\Player\State</Filter>
    </ClCompile>
    <ClCompile Include="Source\Scene\GameScene\Charactor\Player\State\PlayerWalk.cpp">
      <Filter>Scene\GameScene\Charactor\Player\State</Filter>
    </ClCompile>
    <ClCompile Include="Source\Scene\GameScene\Charactor\Character.cpp">
      <Filter>Scene\GameScene\Charactor</Filter>
    </ClCompile>
    <ClCompile Include="Source\Scene\GameScene\Charactor\Player\MainPlayer.cpp">
      <Filter>Scene\GameScene\Charactor</Filter>
    </ClCompile>
    <ClCompile Include="Source\Scene\GameScene\Charactor\Enemy\Enemy.cpp">
      <Filter>Scene\GameScene\Charactor\Enemy</Filter>
    </ClCompile>
    <ClCompile Include="Source\NYLibrary\AStar\AStar.cpp">
      <Filter>NYLibrary\Astar</Filter>
    </ClCompile>
    <ClCompile Include="Source\NYLibrary\AStar\AttributeMap.cpp">
      <Filter>NYLibrary\Astar</Filter>
    </ClCompile>
    <ClCompile Include="Source\NYLibrary\AStar\Map.cpp">
      <Filter>NYLibrary\Astar</Filter>
    </ClCompile>
    <ClCompile Include="Source\NYLibrary\Math\Math.cpp">
      <Filter>NYLibrary\Math</Filter>
    </ClCompile>
    <ClCompile Include="Source\Scene\Scene.cpp">
      <Filter>Scene</Filter>
    </ClCompile>
    <ClCompile Include="Source\Scene\SceneManager.cpp">
      <Filter>Scene</Filter>
    </ClCompile>
    <ClCompile Include="Source\PaintAsset\PaintCollision\PaintCollision.cpp">
      <Filter>PaintAsset\PaintCollisiton</Filter>
    </ClCompile>
    <ClCompile Include="Source\PaintAsset\PaintSystem\Paint.cpp">
      <Filter>PaintAsset\PaintSystem</Filter>
    </ClCompile>
    <ClCompile Include="Source\PaintAsset\PaintSystem\PaintObj.cpp">
      <Filter>PaintAsset\PaintSystem</Filter>
    </ClCompile>
    <ClCompile Include="Source\PaintAsset\PaintGun\PaintGun.cpp">
      <Filter>PaintAsset\PaintGun</Filter>
    </ClCompile>
    <ClCompile Include="Source\PaintAsset\InkParticle\InkObj2.cpp">
      <Filter>PaintAsset\InkParticle</Filter>
    </ClCompile>
    <ClCompile Include="Source\PaintAsset\InkParticle\InkParticle.cpp">
      <Filter>PaintAsset\InkParticle</Filter>
    </ClCompile>
    <ClCompile Include="Source\PaintAsset\PaintGun\Aim.cpp">
      <Filter>PaintAsset\PaintGun</Filter>
    </ClCompile>
    <ClCompile Include="Source\NYLibrary\Collision\CollisionManager.cpp">
      <Filter>NYLibrary\Collision</Filter>
    </ClCompile>
    <ClCompile Include="Source\NYLibrary\Object\MatrixObject\MatrixObject.cpp">
      <Filter>NYLibrary\Object\MatrixObject</Filter>
    </ClCompile>
    <ClCompile Include="Source\NYLibrary\Component\Collider\TrianglePolygonListCollider\TrianglePolygonListCollider.cpp">
      <Filter>NYLibrary\Component\Collider\TrianglePolygonListCollider</Filter>
    </ClCompile>
    <ClCompile Include="Source\NYLibrary\Component\Collider\SegmentCollider\SegmentCollider.cpp">
      <Filter>NYLibrary\Component\Collider\SegmentCollider</Filter>
    </ClCompile>
    <ClCompile Include="Source\PaintAsset\InkSegmentCollider\InkSegmentCollider.cpp">
      <Filter>PaintAsset\InkSegmentCollider</Filter>
    </ClCompile>
  </ItemGroup>
  <ItemGroup>
    <ResourceCompile Include="resource.rc" />
  </ItemGroup>
  <ItemGroup>
    <Image Include="directx.ico">
      <Filter>Assets</Filter>
    </Image>
    <Image Include="images.ico">
      <Filter>Assets</Filter>
    </Image>
  </ItemGroup>
  <ItemGroup>
    <Manifest Include="settings.manifest">
      <Filter>Assets</Filter>
    </Manifest>
  </ItemGroup>
  <ItemGroup>
    <MeshContentTask Include="Assets\ground1m.FBX">
      <Filter>Assets</Filter>
    </MeshContentTask>
    <MeshContentTask Include="Assets\Skydome.FBX">
      <Filter>Assets</Filter>
    </MeshContentTask>
    <MeshContentTask Include="Assets\Sphere.FBX">
      <Filter>Assets</Filter>
    </MeshContentTask>
    <MeshContentTask Include="Assets\ground200m.FBX">
      <Filter>Assets</Filter>
    </MeshContentTask>
    <MeshContentTask Include="Assets\Teapot.FBX">
      <Filter>Assets</Filter>
    </MeshContentTask>
    <MeshContentTask Include="Assets\head.FBX">
      <Filter>Assets</Filter>
    </MeshContentTask>
    <MeshContentTask Include="Assets\Arm.FBX">
      <Filter>Assets</Filter>
    </MeshContentTask>
    <MeshContentTask Include="Assets\Body.FBX">
      <Filter>Assets</Filter>
    </MeshContentTask>
    <MeshContentTask Include="Assets\Foot.FBX">
      <Filter>Assets</Filter>
    </MeshContentTask>
    <MeshContentTask Include="Assets\Gun.FBX">
      <Filter>Assets</Filter>
    </MeshContentTask>
    <MeshContentTask Include="Assets\Fing.FBX">
      <Filter>Assets</Filter>
    </MeshContentTask>
    <MeshContentTask Include="Assets\Leg.FBX">
      <Filter>Assets</Filter>
    </MeshContentTask>
    <MeshContentTask Include="Assets\Body2.FBX">
      <Filter>Assets</Filter>
    </MeshContentTask>
    <MeshContentTask Include="Assets\SphereNode.FBX">
      <Filter>Assets</Filter>
    </MeshContentTask>
    <MeshContentTask Include="Assets\Skydome2.FBX">
      <Filter>Assets</Filter>
    </MeshContentTask>
  </ItemGroup>
  <ItemGroup>
    <FxCompile Include="Resources\HLSL\Geometry_Material_Texture_Skin.hlsl">
      <Filter>NYLibrary\Sprite\SkinMeshAnimation</Filter>
    </FxCompile>
    <FxCompile Include="Resources\HLSL\PointSprite.hlsl">
      <Filter>PaintAsset\InkParticle</Filter>
    </FxCompile>
    <FxCompile Include="Resources\HLSL\Sprite.hlsl">
      <Filter>NYLibrary\Sprite</Filter>
    </FxCompile>
    <FxCompile Include="Resources\HLSL\InkObj.hlsl">
      <Filter>PaintAsset\InkParticle</Filter>
    </FxCompile>
    <FxCompile Include="Resources\HLSL\PlaneDrip.hlsl">
      <Filter>PaintAsset\PaintSystem</Filter>
    </FxCompile>
    <FxCompile Include="Resources\HLSL\PaintUpdate.hlsl">
      <Filter>PaintAsset\PaintSystem</Filter>
    </FxCompile>
    <FxCompile Include="Resources\HLSL\Drip.hlsl">
      <Filter>PaintAsset\PaintSystem</Filter>
    </FxCompile>
    <FxCompile Include="Resources\HLSL\OBJ.hlsl">
      <Filter>PaintAsset\PaintSystem</Filter>
    </FxCompile>
    <FxCompile Include="Resources\HLSL\Campus.hlsl">
      <Filter>PaintAsset\PaintSystem</Filter>
    </FxCompile>
  </ItemGroup>
  <ItemGroup>
    <None Include="ClassDiagram.cd" />
  </ItemGroup>
</Project>